{
  "version": 4,
  "terraform_version": "1.14.5",
  "serial": 10,
  "lineage": "156f470d-05d4-c5ae-e1d7-c78551eb88a2",
  "outputs": {},
  "resources": [
    {
      "mode": "data",
      "type": "docker_image",
      "name": "nginx",
      "provider": "provider[\"registry.terraform.io/kreuzwerker/docker\"]",
      "instances": [
        {
          "schema_version": 0,
          "attributes": {
            "id": "sha256:0236ee02dcbce00b9bd83e0f5fbc51069e7e1161bd59d99885b3ae1734f3392e",
            "name": "nginx",
            "repo_digest": "nginx@sha256:0236ee02dcbce00b9bd83e0f5fbc51069e7e1161bd59d99885b3ae1734f3392e"
          },
          "sensitive_attributes": [],
          "identity_schema_version": 0
        }
      ]
    },
    {
      "mode": "data",
      "type": "local_file",
      "name": "nginx_conf",
      "provider": "provider[\"registry.terraform.io/hashicorp/local\"]",
      "instances": [
        {
          "schema_version": 0,
          "attributes": {
            "content": "\u003c!DOCTYPE html\u003e\r\n\u003chtml\u003e\r\n    \u003chead\u003e\r\n        \u003cmeta charset=\"utf-8\"\u003e\r\n        \u003cmeta http-equiv=\"X-UA-Compatible\" content=\"IE=edge\"\u003e\r\n        \u003ctitle\u003eTerraform tuts\u003c/title\u003e\r\n        \u003cmeta name=\"description\" content=\"\"\u003e\r\n        \u003cmeta name=\"viewport\" content=\"width=device-width, initial-scale=1\"\u003e\r\n        \u003clink rel=\"stylesheet\" href=\"\"\u003e\r\n    \u003c/head\u003e\r\n    \u003cbody\u003e\r\n        \u003ch1\u003eBienvenu sur Hacking tuts\u003c/h1\u003e        \r\n        \u003cscript src=\"\" async defer\u003e\u003c/script\u003e\r\n    \u003c/body\u003e\r\n\u003c/html\u003e",
            "content_base64": "PCFET0NUWVBFIGh0bWw+DQo8aHRtbD4NCiAgICA8aGVhZD4NCiAgICAgICAgPG1ldGEgY2hhcnNldD0idXRmLTgiPg0KICAgICAgICA8bWV0YSBodHRwLWVxdWl2PSJYLVVBLUNvbXBhdGlibGUiIGNvbnRlbnQ9IklFPWVkZ2UiPg0KICAgICAgICA8dGl0bGU+VGVycmFmb3JtIHR1dHM8L3RpdGxlPg0KICAgICAgICA8bWV0YSBuYW1lPSJkZXNjcmlwdGlvbiIgY29udGVudD0iIj4NCiAgICAgICAgPG1ldGEgbmFtZT0idmlld3BvcnQiIGNvbnRlbnQ9IndpZHRoPWRldmljZS13aWR0aCwgaW5pdGlhbC1zY2FsZT0xIj4NCiAgICAgICAgPGxpbmsgcmVsPSJzdHlsZXNoZWV0IiBocmVmPSIiPg0KICAgIDwvaGVhZD4NCiAgICA8Ym9keT4NCiAgICAgICAgPGgxPkJpZW52ZW51IHN1ciBIYWNraW5nIHR1dHM8L2gxPiAgICAgICAgDQogICAgICAgIDxzY3JpcHQgc3JjPSIiIGFzeW5jIGRlZmVyPjwvc2NyaXB0Pg0KICAgIDwvYm9keT4NCjwvaHRtbD4=",
            "content_base64sha256": "R6bpBfWADgZJpPtkqo48tvP9ODtk0VvM8lkUhdVU/fw=",
            "content_base64sha512": "6ZJ1N5970aa76zCsY1SvHZwDb/bRIhOK2mblmEPaF9LxiaoxdeTc8rQ3cy+uQzEkkENt57A0PNbbpE6zCUwRXQ==",
            "content_md5": "8d81571b91f2b54740878755c5de86ae",
            "content_sha1": "9c1db9c368b63f36dadca82efc125a1d675d5696",
            "content_sha256": "47a6e905f5800e0649a4fb64aa8e3cb6f3fd383b64d15bccf2591485d554fdfc",
            "content_sha512": "e99275379f7bd1a6bbeb30ac6354af1d9c036ff6d122138ada66e59843da17d2f189aa3175e4dcf2b437732fae43312490436de7b0343cd6dba44eb3094c115d",
            "filename": "C:/Users/biyag/OneDrive/Pictures/Terraform-Wsl/index.html",
            "id": "9c1db9c368b63f36dadca82efc125a1d675d5696"
          },
          "sensitive_attributes": [],
          "identity_schema_version": 0
        }
      ]
    },
    {
      "mode": "managed",
      "type": "docker_container",
      "name": "server",
      "provider": "provider[\"registry.terraform.io/kreuzwerker/docker\"]",
      "instances": [
        {
          "schema_version": 2,
          "attributes": {
            "attach": false,
            "bridge": "",
            "capabilities": [],
            "cgroup_parent": null,
            "cgroupns_mode": null,
            "command": [
              "nginx",
              "-g",
              "daemon off;"
            ],
            "container_logs": null,
            "container_read_refresh_timeout_milliseconds": 15000,
            "cpu_period": null,
            "cpu_quota": null,
            "cpu_set": "",
            "cpu_shares": 0,
            "cpus": null,
            "destroy_grace_seconds": null,
            "devices": [],
            "dns": null,
            "dns_opts": null,
            "dns_search": null,
            "domainname": "",
            "entrypoint": [
              "/docker-entrypoint.sh"
            ],
            "env": [],
            "exit_code": null,
            "gpus": null,
            "group_add": null,
            "healthcheck": null,
            "host": [],
            "hostname": "30ab1cf8c203",
            "id": "30ab1cf8c203040347d36554a732e53c9852bcfe155c2511d05785b118290c8e",
            "image": "nginx",
            "init": false,
            "ipc_mode": "private",
            "labels": [],
            "log_driver": "json-file",
            "log_opts": null,
            "logs": false,
            "max_retry_count": 0,
            "memory": 0,
            "memory_swap": 0,
            "mounts": [
              {
                "bind_options": [],
                "read_only": null,
                "source": "C:/Users/biyag/OneDrive/Pictures/Terraform-Wsl/index.html",
                "target": "/usr/share/nginx/html/index.html",
                "tmpfs_options": [],
                "type": "bind",
                "volume_options": []
              }
            ],
            "must_run": true,
            "name": "Mon_serveur_web",
            "network_data": [
              {
                "gateway": "172.17.0.1",
                "global_ipv6_address": "",
                "global_ipv6_prefix_length": 0,
                "ip_address": "172.17.0.2",
                "ip_prefix_length": 16,
                "ipv6_gateway": "",
                "mac_address": "c6:74:8a:ac:02:b3",
                "network_name": "bridge"
              }
            ],
            "network_mode": "bridge",
            "networks_advanced": [],
            "pid_mode": "",
            "ports": [
              {
                "external": 9000,
                "internal": 80,
                "ip": "0.0.0.0",
                "protocol": "tcp"
              }
            ],
            "privileged": false,
            "publish_all_ports": false,
            "read_only": false,
            "remove_volumes": true,
            "restart": "no",
            "rm": false,
            "runtime": "runc",
            "security_opts": [],
            "shm_size": 64,
            "start": true,
            "stdin_open": false,
            "stop_signal": "SIGQUIT",
            "stop_timeout": 1,
            "storage_opts": null,
            "sysctls": null,
            "tmpfs": null,
            "tty": false,
            "ulimit": [],
            "upload": [],
            "user": "",
            "userns_mode": "",
            "volumes": [],
            "wait": false,
            "wait_timeout": 60,
            "working_dir": ""
          },
          "sensitive_attributes": [],
          "identity_schema_version": 0,
          "private": "eyJzY2hlbWFfdmVyc2lvbiI6IjIifQ==",
          "dependencies": [
            "data.docker_image.nginx",
            "data.local_file.nginx_conf"
          ]
        }
      ]
    }
  ],
  "check_results": null
}
